
Microsoft Visual Studio Solution File, Format Version 12.00
# Visual Studio Version 17
VisualStudioVersion = 17.10.35004.147
MinimumVisualStudioVersion = 10.0.40219.1
Project("{8BC9CEB8-8B4A-11D0-8D11-00A0C91BC942}") = "imgpro", "imgpro.vcxproj", "{11529798-A612-4C5F-A79B-461A037BFF3C}"
EndProject
Global
	GlobalSection(SolutionConfigurationPlatforms) = preSolution
		Debug|x64 = Debug|x64
		Release|x64 = Release|x64
	EndGlobalSection
	GlobalSection(ProjectConfigurationPlatforms) = postSolution
		{11529798-A612-4C5F-A79B-461A037BFF3C}.Debug|x64.ActiveCfg = Debug|x64
		{11529798-A612-4C5F-A79B-461A037BFF3C}.Debug|x64.Build.0 = Debug|x64
		{11529798-A612-4C5F-A79B-461A037BFF3C}.Release|x64.ActiveCfg = Release|x64
		{11529798-A612-4C5F-A79B-461A037BFF3C}.Release|x64.Build.0 = Release|x64
	EndGlobalSection
	GlobalSection(SolutionProperties) = preSolution
		HideSolutionNode = FALSE
	EndGlobalSection
	GlobalSection(ExtensibilityGlobals) = postSolution
		SolutionGuid = {E2577C6A-3608-4D6A-835D-4C7C9F25EDF9}
	EndGlobalSection
EndGlobal
